
Microsoft Visual Studio Solution File, Format Version 12.00
# Visual Studio Version 17
VisualStudioVersion = 17.5.2.0
MinimumVisualStudioVersion = 10.0.40219.1
Project("{FAE04EC0-301F-11D3-BF4B-00C04F79EFBC}") = "getUSBSerial", "getUSBSerial\getUSBSerial.csproj", "{0292AB87-94C1-55E7-5514-A1365FE04CAD}"
EndProject
Project("{FAE04EC0-301F-11D3-BF4B-00C04F79EFBC}") = "USBInfo", "USBInfo\USBInfo.csproj", "{50989DFF-AEC3-4A1F-A705-239D5477165C}"
EndProject
Project("{FAE04EC0-301F-11D3-BF4B-00C04F79EFBC}") = "getUSBInfoDevices", "getUSBInfoDevices\getUSBInfoDevices.csproj", "{D710649B-2020-4624-A322-9C5496D93CAC}"
EndProject
Project("{FAE04EC0-301F-11D3-BF4B-00C04F79EFBC}") = "getUSBInfoVolumes", "getUSBInfoVolumes\getUSBInfoVolumes.csproj", "{4A4946D3-CF5C-458E-AE11-6B8AB11D438C}"
EndProject
Project("{FAE04EC0-301F-11D3-BF4B-00C04F79EFBC}") = "USBInfoUtil", "USBInfoUtil\USBInfoUtil.csproj", "{AEC0368D-709A-38BB-5246-68005DF70D06}"
EndProject
Global
	GlobalSection(SolutionConfigurationPlatforms) = preSolution
		Debug|Any CPU = Debug|Any CPU
		Debug|x64 = Debug|x64
		Debug|x86 = Debug|x86
		Release|Any CPU = Release|Any CPU
		Release|x64 = Release|x64
		Release|x86 = Release|x86
	EndGlobalSection
	GlobalSection(ProjectConfigurationPlatforms) = postSolution
		{0292AB87-94C1-55E7-5514-A1365FE04CAD}.Debug|Any CPU.ActiveCfg = Debug|Any CPU
		{0292AB87-94C1-55E7-5514-A1365FE04CAD}.Debug|Any CPU.Build.0 = Debug|Any CPU
		{0292AB87-94C1-55E7-5514-A1365FE04CAD}.Debug|x64.ActiveCfg = Debug|Any CPU
		{0292AB87-94C1-55E7-5514-A1365FE04CAD}.Debug|x64.Build.0 = Debug|Any CPU
		{0292AB87-94C1-55E7-5514-A1365FE04CAD}.Debug|x86.ActiveCfg = Debug|Any CPU
		{0292AB87-94C1-55E7-5514-A1365FE04CAD}.Debug|x86.Build.0 = Debug|Any CPU
		{0292AB87-94C1-55E7-5514-A1365FE04CAD}.Release|Any CPU.ActiveCfg = Release|Any CPU
		{0292AB87-94C1-55E7-5514-A1365FE04CAD}.Release|Any CPU.Build.0 = Release|Any CPU
		{0292AB87-94C1-55E7-5514-A1365FE04CAD}.Release|x64.ActiveCfg = Release|Any CPU
		{0292AB87-94C1-55E7-5514-A1365FE04CAD}.Release|x64.Build.0 = Release|Any CPU
		{0292AB87-94C1-55E7-5514-A1365FE04CAD}.Release|x86.ActiveCfg = Release|Any CPU
		{0292AB87-94C1-55E7-5514-A1365FE04CAD}.Release|x86.Build.0 = Release|Any CPU
		{50989DFF-AEC3-4A1F-A705-239D5477165C}.Debug|Any CPU.ActiveCfg = Debug|Any CPU
		{50989DFF-AEC3-4A1F-A705-239D5477165C}.Debug|Any CPU.Build.0 = Debug|Any CPU
		{50989DFF-AEC3-4A1F-A705-239D5477165C}.Debug|x64.ActiveCfg = Debug|Any CPU
		{50989DFF-AEC3-4A1F-A705-239D5477165C}.Debug|x64.Build.0 = Debug|Any CPU
		{50989DFF-AEC3-4A1F-A705-239D5477165C}.Debug|x86.ActiveCfg = Debug|Any CPU
		{50989DFF-AEC3-4A1F-A705-239D5477165C}.Debug|x86.Build.0 = Debug|Any CPU
		{50989DFF-AEC3-4A1F-A705-239D5477165C}.Release|Any CPU.ActiveCfg = Release|Any CPU
		{50989DFF-AEC3-4A1F-A705-239D5477165C}.Release|Any CPU.Build.0 = Release|Any CPU
		{50989DFF-AEC3-4A1F-A705-239D5477165C}.Release|x64.ActiveCfg = Release|Any CPU
		{50989DFF-AEC3-4A1F-A705-239D5477165C}.Release|x64.Build.0 = Release|Any CPU
		{50989DFF-AEC3-4A1F-A705-239D5477165C}.Release|x86.ActiveCfg = Release|Any CPU
		{50989DFF-AEC3-4A1F-A705-239D5477165C}.Release|x86.Build.0 = Release|Any CPU
		{D710649B-2020-4624-A322-9C5496D93CAC}.Debug|Any CPU.ActiveCfg = Debug|Any CPU
		{D710649B-2020-4624-A322-9C5496D93CAC}.Debug|Any CPU.Build.0 = Debug|Any CPU
		{D710649B-2020-4624-A322-9C5496D93CAC}.Debug|x64.ActiveCfg = Debug|Any CPU
		{D710649B-2020-4624-A322-9C5496D93CAC}.Debug|x64.Build.0 = Debug|Any CPU
		{D710649B-2020-4624-A322-9C5496D93CAC}.Debug|x86.ActiveCfg = Debug|Any CPU
		{D710649B-2020-4624-A322-9C5496D93CAC}.Debug|x86.Build.0 = Debug|Any CPU
		{D710649B-2020-4624-A322-9C5496D93CAC}.Release|Any CPU.ActiveCfg = Release|Any CPU
		{D710649B-2020-4624-A322-9C5496D93CAC}.Release|Any CPU.Build.0 = Release|Any CPU
		{D710649B-2020-4624-A322-9C5496D93CAC}.Release|x64.ActiveCfg = Release|Any CPU
		{D710649B-2020-4624-A322-9C5496D93CAC}.Release|x64.Build.0 = Release|Any CPU
		{D710649B-2020-4624-A322-9C5496D93CAC}.Release|x86.ActiveCfg = Release|Any CPU
		{D710649B-2020-4624-A322-9C5496D93CAC}.Release|x86.Build.0 = Release|Any CPU
		{4A4946D3-CF5C-458E-AE11-6B8AB11D438C}.Debug|Any CPU.ActiveCfg = Debug|Any CPU
		{4A4946D3-CF5C-458E-AE11-6B8AB11D438C}.Debug|Any CPU.Build.0 = Debug|Any CPU
		{4A4946D3-CF5C-458E-AE11-6B8AB11D438C}.Debug|x64.ActiveCfg = Debug|Any CPU
		{4A4946D3-CF5C-458E-AE11-6B8AB11D438C}.Debug|x64.Build.0 = Debug|Any CPU
		{4A4946D3-CF5C-458E-AE11-6B8AB11D438C}.Debug|x86.ActiveCfg = Debug|Any CPU
		{4A4946D3-CF5C-458E-AE11-6B8AB11D438C}.Debug|x86.Build.0 = Debug|Any CPU
		{4A4946D3-CF5C-458E-AE11-6B8AB11D438C}.Release|Any CPU.ActiveCfg = Release|Any CPU
		{4A4946D3-CF5C-458E-AE11-6B8AB11D438C}.Release|Any CPU.Build.0 = Release|Any CPU
		{4A4946D3-CF5C-458E-AE11-6B8AB11D438C}.Release|x64.ActiveCfg = Release|Any CPU
		{4A4946D3-CF5C-458E-AE11-6B8AB11D438C}.Release|x64.Build.0 = Release|Any CPU
		{4A4946D3-CF5C-458E-AE11-6B8AB11D438C}.Release|x86.ActiveCfg = Release|Any CPU
		{4A4946D3-CF5C-458E-AE11-6B8AB11D438C}.Release|x86.Build.0 = Release|Any CPU
		{AEC0368D-709A-38BB-5246-68005DF70D06}.Debug|Any CPU.ActiveCfg = Debug|Any CPU
		{AEC0368D-709A-38BB-5246-68005DF70D06}.Debug|Any CPU.Build.0 = Debug|Any CPU
		{AEC0368D-709A-38BB-5246-68005DF70D06}.Debug|x64.ActiveCfg = Debug|Any CPU
		{AEC0368D-709A-38BB-5246-68005DF70D06}.Debug|x64.Build.0 = Debug|Any CPU
		{AEC0368D-709A-38BB-5246-68005DF70D06}.Debug|x86.ActiveCfg = Debug|Any CPU
		{AEC0368D-709A-38BB-5246-68005DF70D06}.Debug|x86.Build.0 = Debug|Any CPU
		{AEC0368D-709A-38BB-5246-68005DF70D06}.Release|Any CPU.ActiveCfg = Release|Any CPU
		{AEC0368D-709A-38BB-5246-68005DF70D06}.Release|Any CPU.Build.0 = Release|Any CPU
		{AEC0368D-709A-38BB-5246-68005DF70D06}.Release|x64.ActiveCfg = Release|Any CPU
		{AEC0368D-709A-38BB-5246-68005DF70D06}.Release|x64.Build.0 = Release|Any CPU
		{AEC0368D-709A-38BB-5246-68005DF70D06}.Release|x86.ActiveCfg = Release|Any CPU
		{AEC0368D-709A-38BB-5246-68005DF70D06}.Release|x86.Build.0 = Release|Any CPU
	EndGlobalSection
	GlobalSection(SolutionProperties) = preSolution
		HideSolutionNode = FALSE
	EndGlobalSection
	GlobalSection(ExtensibilityGlobals) = postSolution
		SolutionGuid = {C2D1ADFF-AB81-4FDC-9F47-81CC7A7DB51A}
	EndGlobalSection
EndGlobal
